
Microsoft Visual Studio Solution File, Format Version 12.00
# Visual Studio 2012
Project("{FAE04EC0-301F-11D3-BF4B-00C04F79EFBC}") = "WorldNomads", "WorldNomads\WorldNomads.csproj", "{755626C8-E859-489B-932E-9A5C464647AE}"
EndProject
Project("{FAE04EC0-301F-11D3-BF4B-00C04F79EFBC}") = "WorldNomads.Tests", "WorldNomads.Tests\WorldNomads.Tests.csproj", "{8AED077E-1B24-4C2B-B9A9-6600EBC536E2}"
EndProject
Project("{FAE04EC0-301F-11D3-BF4B-00C04F79EFBC}") = "WorldNomads.ProcessingLogic", "WorldNomads.ProcessingLogic\WorldNomads.ProcessingLogic.csproj", "{804810A7-DB70-4B70-A05E-1AA18024BE1C}"
EndProject
Global
	GlobalSection(SolutionConfigurationPlatforms) = preSolution
		Debug|Any CPU = Debug|Any CPU
		Release|Any CPU = Release|Any CPU
	EndGlobalSection
	GlobalSection(ProjectConfigurationPlatforms) = postSolution
		{755626C8-E859-489B-932E-9A5C464647AE}.Debug|Any CPU.ActiveCfg = Debug|Any CPU
		{755626C8-E859-489B-932E-9A5C464647AE}.Debug|Any CPU.Build.0 = Debug|Any CPU
		{755626C8-E859-489B-932E-9A5C464647AE}.Release|Any CPU.ActiveCfg = Release|Any CPU
		{755626C8-E859-489B-932E-9A5C464647AE}.Release|Any CPU.Build.0 = Release|Any CPU
		{8AED077E-1B24-4C2B-B9A9-6600EBC536E2}.Debug|Any CPU.ActiveCfg = Debug|Any CPU
		{8AED077E-1B24-4C2B-B9A9-6600EBC536E2}.Debug|Any CPU.Build.0 = Debug|Any CPU
		{8AED077E-1B24-4C2B-B9A9-6600EBC536E2}.Release|Any CPU.ActiveCfg = Release|Any CPU
		{8AED077E-1B24-4C2B-B9A9-6600EBC536E2}.Release|Any CPU.Build.0 = Release|Any CPU
		{804810A7-DB70-4B70-A05E-1AA18024BE1C}.Debug|Any CPU.ActiveCfg = Debug|Any CPU
		{804810A7-DB70-4B70-A05E-1AA18024BE1C}.Debug|Any CPU.Build.0 = Debug|Any CPU
		{804810A7-DB70-4B70-A05E-1AA18024BE1C}.Release|Any CPU.ActiveCfg = Release|Any CPU
		{804810A7-DB70-4B70-A05E-1AA18024BE1C}.Release|Any CPU.Build.0 = Release|Any CPU
	EndGlobalSection
	GlobalSection(SolutionProperties) = preSolution
		HideSolutionNode = FALSE
	EndGlobalSection
EndGlobal
